// !$*UTF8*$!
{
	archiveVersion = 1;
	classes = {
	};
	objectVersion = 50;
	objects = {

/* Begin PBXBuildFile section */
		7721E9CC251C7041002206A0 /* AppDelegate.swift in Sources */ = {isa = PBXBuildFile; fileRef = 7721E9CB251C7041002206A0 /* AppDelegate.swift */; };
		7721E9CE251C7042002206A0 /* SceneDelegate.swift in Sources */ = {isa = PBXBuildFile; fileRef = 7721E9CD251C7042002206A0 /* SceneDelegate.swift */; };
		7721E9D0251C7042002206A0 /* ViewController.swift in Sources */ = {isa = PBXBuildFile; fileRef = 7721E9CF251C7042002206A0 /* ViewController.swift */; };
		7721E9D3251C7042002206A0 /* Main.storyboard in Resources */ = {isa = PBXBuildFile; fileRef = 7721E9D1251C7042002206A0 /* Main.storyboard */; };
		7721E9D5251C7043002206A0 /* Assets.xcassets in Resources */ = {isa = PBXBuildFile; fileRef = 7721E9D4251C7043002206A0 /* Assets.xcassets */; };
		7721E9D8251C7043002206A0 /* LaunchScreen.storyboard in Resources */ = {isa = PBXBuildFile; fileRef = 7721E9D6251C7043002206A0 /* LaunchScreen.storyboard */; };
		7721E9E3251C7044002206A0 /* BitfinexOrderBookTests.swift in Sources */ = {isa = PBXBuildFile; fileRef = 7721E9E2251C7044002206A0 /* BitfinexOrderBookTests.swift */; };
		7721E9EE251C7044002206A0 /* BitfinexOrderBookUITests.swift in Sources */ = {isa = PBXBuildFile; fileRef = 7721E9ED251C7044002206A0 /* BitfinexOrderBookUITests.swift */; };
/* End PBXBuildFile section */

/* Begin PBXContainerItemProxy section */
		7721E9DF251C7044002206A0 /* PBXContainerItemProxy */ = {
			isa = PBXContainerItemProxy;
			containerPortal = 7721E9C0251C7041002206A0 /* Project object */;
			proxyType = 1;
			remoteGlobalIDString = 7721E9C7251C7041002206A0;
			remoteInfo = BitfinexOrderBook;
		};
		7721E9EA251C7044002206A0 /* PBXContainerItemProxy */ = {
			isa = PBXContainerItemProxy;
			containerPortal = 7721E9C0251C7041002206A0 /* Project object */;
			proxyType = 1;
			remoteGlobalIDString = 7721E9C7251C7041002206A0;
			remoteInfo = BitfinexOrderBook;
		};
/* End PBXContainerItemProxy section */

/* Begin PBXFileReference section */
		7721E9C8251C7041002206A0 /* BitfinexOrderBook.app */ = {isa = PBXFileReference; explicitFileType = wrapper.application; includeInIndex = 0; path = BitfinexOrderBook.app; sourceTree = BUILT_PRODUCTS_DIR; };
		7721E9CB251C7041002206A0 /* AppDelegate.swift */ = {isa = PBXFileReference; lastKnownFileType = sourcecode.swift; path = AppDelegate.swift; sourceTree = "<group>"; };
		7721E9CD251C7042002206A0 /* SceneDelegate.swift */ = {isa = PBXFileReference; lastKnownFileType = sourcecode.swift; path = SceneDelegate.swift; sourceTree = "<group>"; };
		7721E9CF251C7042002206A0 /* ViewController.swift */ = {isa = PBXFileReference; lastKnownFileType = sourcecode.swift; path = ViewController.swift; sourceTree = "<group>"; };
		7721E9D2251C7042002206A0 /* Base */ = {isa = PBXFileReference; lastKnownFileType = file.storyboard; name = Base; path = Base.lproj/Main.storyboard; sourceTree = "<group>"; };
		7721E9D4251C7043002206A0 /* Assets.xcassets */ = {isa = PBXFileReference; lastKnownFileType = folder.assetcatalog; path = Assets.xcassets; sourceTree = "<group>"; };
		7721E9D7251C7043002206A0 /* Base */ = {isa = PBXFileReference; lastKnownFileType = file.storyboard; name = Base; path = Base.lproj/LaunchScreen.storyboard; sourceTree = "<group>"; };
		7721E9D9251C7043002206A0 /* Info.plist */ = {isa = PBXFileReference; lastKnownFileType = text.plist.xml; path = Info.plist; sourceTree = "<group>"; };
		7721E9DE251C7044002206A0 /* BitfinexOrderBookTests.xctest */ = {isa = PBXFileReference; explicitFileType = wrapper.cfbundle; includeInIndex = 0; path = BitfinexOrderBookTests.xctest; sourceTree = BUILT_PRODUCTS_DIR; };
		7721E9E2251C7044002206A0 /* BitfinexOrderBookTests.swift */ = {isa = PBXFileReference; lastKnownFileType = sourcecode.swift; path = BitfinexOrderBookTests.swift; sourceTree = "<group>"; };
		7721E9E4251C7044002206A0 /* Info.plist */ = {isa = PBXFileReference; lastKnownFileType = text.plist.xml; path = Info.plist; sourceTree = "<group>"; };
		7721E9E9251C7044002206A0 /* BitfinexOrderBookUITests.xctest */ = {isa = PBXFileReference; explicitFileType = wrapper.cfbundle; includeInIndex = 0; path = BitfinexOrderBookUITests.xctest; sourceTree = BUILT_PRODUCTS_DIR; };
		7721E9ED251C7044002206A0 /* BitfinexOrderBookUITests.swift */ = {isa = PBXFileReference; lastKnownFileType = sourcecode.swift; path = BitfinexOrderBookUITests.swift; sourceTree = "<group>"; };
		7721E9EF251C7044002206A0 /* Info.plist */ = {isa = PBXFileReference; lastKnownFileType = text.plist.xml; path = Info.plist; sourceTree = "<group>"; };
/* End PBXFileReference section */

/* Begin PBXFrameworksBuildPhase section */
		7721E9C5251C7041002206A0 /* Frameworks */ = {
			isa = PBXFrameworksBuildPhase;
			buildActionMask = 2147483647;
			files = (
			);
			runOnlyForDeploymentPostprocessing = 0;
		};
		7721E9DB251C7044002206A0 /* Frameworks */ = {
			isa = PBXFrameworksBuildPhase;
			buildActionMask = 2147483647;
			files = (
			);
			runOnlyForDeploymentPostprocessing = 0;
		};
		7721E9E6251C7044002206A0 /* Frameworks */ = {
			isa = PBXFrameworksBuildPhase;
			buildActionMask = 2147483647;
			files = (
			);
			runOnlyForDeploymentPostprocessing = 0;
		};
/* End PBXFrameworksBuildPhase section */

/* Begin PBXGroup section */
		7721E9BF251C7041002206A0 = {
			isa = PBXGroup;
			children = (
				7721E9CA251C7041002206A0 /* BitfinexOrderBook */,
				7721E9E1251C7044002206A0 /* BitfinexOrderBookTests */,
				7721E9EC251C7044002206A0 /* BitfinexOrderBookUITests */,
				7721E9C9251C7041002206A0 /* Products */,
			);
			sourceTree = "<group>";
		};
		7721E9C9251C7041002206A0 /* Products */ = {
			isa = PBXGroup;
			children = (
				7721E9C8251C7041002206A0 /* BitfinexOrderBook.app */,
				7721E9DE251C7044002206A0 /* BitfinexOrderBookTests.xctest */,
				7721E9E9251C7044002206A0 /* BitfinexOrderBookUITests.xctest */,
			);
			name = Products;
			sourceTree = "<group>";
		};
		7721E9CA251C7041002206A0 /* BitfinexOrderBook */ = {
			isa = PBXGroup;
			children = (
				7721E9CB251C7041002206A0 /* AppDelegate.swift */,
				7721E9CD251C7042002206A0 /* SceneDelegate.swift */,
				7721E9CF251C7042002206A0 /* ViewController.swift */,
				7721E9D1251C7042002206A0 /* Main.storyboard */,
				7721E9D4251C7043002206A0 /* Assets.xcassets */,
				7721E9D6251C7043002206A0 /* LaunchScreen.storyboard */,
				7721E9D9251C7043002206A0 /* Info.plist */,
			);
			path = BitfinexOrderBook;
			sourceTree = "<group>";
		};
		7721E9E1251C7044002206A0 /* BitfinexOrderBookTests */ = {
			isa = PBXGroup;
			children = (
				7721E9E2251C7044002206A0 /* BitfinexOrderBookTests.swift */,
				7721E9E4251C7044002206A0 /* Info.plist */,
			);
			path = BitfinexOrderBookTests;
			sourceTree = "<group>";
		};
		7721E9EC251C7044002206A0 /* BitfinexOrderBookUITests */ = {
			isa = PBXGroup;
			children = (
				7721E9ED251C7044002206A0 /* BitfinexOrderBookUITests.swift */,
				7721E9EF251C7044002206A0 /* Info.plist */,
			);
			path = BitfinexOrderBookUITests;
			sourceTree = "<group>";
		};
/* End PBXGroup section */

/* Begin PBXNativeTarget section */
		7721E9C7251C7041002206A0 /* BitfinexOrderBook */ = {
			isa = PBXNativeTarget;
			buildConfigurationList = 7721E9F2251C7044002206A0 /* Build configuration list for PBXNativeTarget "BitfinexOrderBook" */;
			buildPhases = (
				7721E9C4251C7041002206A0 /* Sources */,
				7721E9C5251C7041002206A0 /* Frameworks */,
				7721E9C6251C7041002206A0 /* Resources */,
			);
			buildRules = (
			);
			dependencies = (
			);
			name = BitfinexOrderBook;
			productName = BitfinexOrderBook;
			productReference = 7721E9C8251C7041002206A0 /* BitfinexOrderBook.app */;
			productType = "com.apple.product-type.application";
		};
		7721E9DD251C7044002206A0 /* BitfinexOrderBookTests */ = {
			isa = PBXNativeTarget;
			buildConfigurationList = 7721E9F5251C7044002206A0 /* Build configuration list for PBXNativeTarget "BitfinexOrderBookTests" */;
			buildPhases = (
				7721E9DA251C7044002206A0 /* Sources */,
				7721E9DB251C7044002206A0 /* Frameworks */,
				7721E9DC251C7044002206A0 /* Resources */,
			);
			buildRules = (
			);
			dependencies = (
				7721E9E0251C7044002206A0 /* PBXTargetDependency */,
			);
			name = BitfinexOrderBookTests;
			productName = BitfinexOrderBookTests;
			productReference = 7721E9DE251C7044002206A0 /* BitfinexOrderBookTests.xctest */;
			productType = "com.apple.product-type.bundle.unit-test";
		};
		7721E9E8251C7044002206A0 /* BitfinexOrderBookUITests */ = {
			isa = PBXNativeTarget;
			buildConfigurationList = 7721E9F8251C7044002206A0 /* Build configuration list for PBXNativeTarget "BitfinexOrderBookUITests" */;
			buildPhases = (
				7721E9E5251C7044002206A0 /* Sources */,
				7721E9E6251C7044002206A0 /* Frameworks */,
				7721E9E7251C7044002206A0 /* Resources */,
			);
			buildRules = (
			);
			dependencies = (
				7721E9EB251C7044002206A0 /* PBXTargetDependency */,
			);
			name = BitfinexOrderBookUITests;
			productName = BitfinexOrderBookUITests;
			productReference = 7721E9E9251C7044002206A0 /* BitfinexOrderBookUITests.xctest */;
			productType = "com.apple.product-type.bundle.ui-testing";
		};
/* End PBXNativeTarget section */

/* Begin PBXProject section */
		7721E9C0251C7041002206A0 /* Project object */ = {
			isa = PBXProject;
			attributes = {
				LastSwiftUpdateCheck = 1200;
				LastUpgradeCheck = 1200;
				TargetAttributes = {
					7721E9C7251C7041002206A0 = {
						CreatedOnToolsVersion = 12.0;
					};
					7721E9DD251C7044002206A0 = {
						CreatedOnToolsVersion = 12.0;
						TestTargetID = 7721E9C7251C7041002206A0;
					};
					7721E9E8251C7044002206A0 = {
						CreatedOnToolsVersion = 12.0;
						TestTargetID = 7721E9C7251C7041002206A0;
					};
				};
			};
			buildConfigurationList = 7721E9C3251C7041002206A0 /* Build configuration list for PBXProject "BitfinexOrderBook" */;
			compatibilityVersion = "Xcode 9.3";
			developmentRegion = en;
			hasScannedForEncodings = 0;
			knownRegions = (
				en,
				Base,
			);
			mainGroup = 7721E9BF251C7041002206A0;
			productRefGroup = 7721E9C9251C7041002206A0 /* Products */;
			projectDirPath = "";
			projectRoot = "";
			targets = (
				7721E9C7251C7041002206A0 /* BitfinexOrderBook */,
				7721E9DD251C7044002206A0 /* BitfinexOrderBookTests */,
				7721E9E8251C7044002206A0 /* BitfinexOrderBookUITests */,
			);
		};
/* End PBXProject section */

/* Begin PBXResourcesBuildPhase section */
		7721E9C6251C7041002206A0 /* Resources */ = {
			isa = PBXResourcesBuildPhase;
			buildActionMask = 2147483647;
			files = (
				7721E9D8251C7043002206A0 /* LaunchScreen.storyboard in Resources */,
				7721E9D5251C7043002206A0 /* Assets.xcassets in Resources */,
				7721E9D3251C7042002206A0 /* Main.storyboard in Resources */,
			);
			runOnlyForDeploymentPostprocessing = 0;
		};
		7721E9DC251C7044002206A0 /* Resources */ = {
			isa = PBXResourcesBuildPhase;
			buildActionMask = 2147483647;
			files = (
			);
			runOnlyForDeploymentPostprocessing = 0;
		};
		7721E9E7251C7044002206A0 /* Resources */ = {
			isa = PBXResourcesBuildPhase;
			buildActionMask = 2147483647;
			files = (
			);
			runOnlyForDeploymentPostprocessing = 0;
		};
/* End PBXResourcesBuildPhase section */

/* Begin PBXSourcesBuildPhase section */
		7721E9C4251C7041002206A0 /* Sources */ = {
			isa = PBXSourcesBuildPhase;
			buildActionMask = 2147483647;
			files = (
				7721E9D0251C7042002206A0 /* ViewController.swift in Sources */,
				7721E9CC251C7041002206A0 /* AppDelegate.swift in Sources */,
				7721E9CE251C7042002206A0 /* SceneDelegate.swift in Sources */,
			);
			runOnlyForDeploymentPostprocessing = 0;
		};
		7721E9DA251C7044002206A0 /* Sources */ = {
			isa = PBXSourcesBuildPhase;
			buildActionMask = 2147483647;
			files = (
				7721E9E3251C7044002206A0 /* BitfinexOrderBookTests.swift in Sources */,
			);
			runOnlyForDeploymentPostprocessing = 0;
		};
		7721E9E5251C7044002206A0 /* Sources */ = {
			isa = PBXSourcesBuildPhase;
			buildActionMask = 2147483647;
			files = (
				7721E9EE251C7044002206A0 /* BitfinexOrderBookUITests.swift in Sources */,
			);
			runOnlyForDeploymentPostprocessing = 0;
		};
/* End PBXSourcesBuildPhase section */

/* Begin PBXTargetDependency section */
		7721E9E0251C7044002206A0 /* PBXTargetDependency */ = {
			isa = PBXTargetDependency;
			target = 7721E9C7251C7041002206A0 /* BitfinexOrderBook */;
			targetProxy = 7721E9DF251C7044002206A0 /* PBXContainerItemProxy */;
		};
		7721E9EB251C7044002206A0 /* PBXTargetDependency */ = {
			isa = PBXTargetDependency;
			target = 7721E9C7251C7041002206A0 /* BitfinexOrderBook */;
			targetProxy = 7721E9EA251C7044002206A0 /* PBXContainerItemProxy */;
		};
/* End PBXTargetDependency section */

/* Begin PBXVariantGroup section */
		7721E9D1251C7042002206A0 /* Main.storyboard */ = {
			isa = PBXVariantGroup;
			children = (
				7721E9D2251C7042002206A0 /* Base */,
			);
			name = Main.storyboard;
			sourceTree = "<group>";
		};
		7721E9D6251C7043002206A0 /* LaunchScreen.storyboard */ = {
			isa = PBXVariantGroup;
			children = (
				7721E9D7251C7043002206A0 /* Base */,
			);
			name = LaunchScreen.storyboard;
			sourceTree = "<group>";
		};
/* End PBXVariantGroup section */

/* Begin XCBuildConfiguration section */
		7721E9F0251C7044002206A0 /* Debug */ = {
			isa = XCBuildConfiguration;
			buildSettings = {
				ALWAYS_SEARCH_USER_PATHS = NO;
				CLANG_ANALYZER_NONNULL = YES;
				CLANG_ANALYZER_NUMBER_OBJECT_CONVERSION = YES_AGGRESSIVE;
				CLANG_CXX_LANGUAGE_STANDARD = "gnu++14";
				CLANG_CXX_LIBRARY = "libc++";
				CLANG_ENABLE_MODULES = YES;
				CLANG_ENABLE_OBJC_ARC = YES;
				CLANG_ENABLE_OBJC_WEAK = YES;
				CLANG_WARN_BLOCK_CAPTURE_AUTORELEASING = YES;
				CLANG_WARN_BOOL_CONVERSION = YES;
				CLANG_WARN_COMMA = YES;
				CLANG_WARN_CONSTANT_CONVERSION = YES;
				CLANG_WARN_DEPRECATED_OBJC_IMPLEMENTATIONS = YES;
				CLANG_WARN_DIRECT_OBJC_ISA_USAGE = YES_ERROR;
				CLANG_WARN_DOCUMENTATION_COMMENTS = YES;
				CLANG_WARN_EMPTY_BODY = YES;
				CLANG_WARN_ENUM_CONVERSION = YES;
				CLANG_WARN_INFINITE_RECURSION = YES;
				CLANG_WARN_INT_CONVERSION = YES;
				CLANG_WARN_NON_LITERAL_NULL_CONVERSION = YES;
				CLANG_WARN_OBJC_IMPLICIT_RETAIN_SELF = YES;
				CLANG_WARN_OBJC_LITERAL_CONVERSION = YES;
				CLANG_WARN_OBJC_ROOT_CLASS = YES_ERROR;
				CLANG_WARN_QUOTED_INCLUDE_IN_FRAMEWORK_HEADER = YES;
				CLANG_WARN_RANGE_LOOP_ANALYSIS = YES;
				CLANG_WARN_STRICT_PROTOTYPES = YES;
				CLANG_WARN_SUSPICIOUS_MOVE = YES;
				CLANG_WARN_UNGUARDED_AVAILABILITY = YES_AGGRESSIVE;
				CLANG_WARN_UNREACHABLE_CODE = YES;
				CLANG_WARN__DUPLICATE_METHOD_MATCH = YES;
				COPY_PHASE_STRIP = NO;
				DEBUG_INFORMATION_FORMAT = dwarf;
				ENABLE_STRICT_OBJC_MSGSEND = YES;
				ENABLE_TESTABILITY = YES;
				GCC_C_LANGUAGE_STANDARD = gnu11;
				GCC_DYNAMIC_NO_PIC = NO;
				GCC_NO_COMMON_BLOCKS = YES;
				GCC_OPTIMIZATION_LEVEL = 0;
				GCC_PREPROCESSOR_DEFINITIONS = (
					"DEBUG=1",
					"$(inherited)",
				);
				GCC_WARN_64_TO_32_BIT_CONVERSION = YES;
				GCC_WARN_ABOUT_RETURN_TYPE = YES_ERROR;
				GCC_WARN_UNDECLARED_SELECTOR = YES;
				GCC_WARN_UNINITIALIZED_AUTOS = YES_AGGRESSIVE;
				GCC_WARN_UNUSED_FUNCTION = YES;
				GCC_WARN_UNUSED_VARIABLE = YES;
				IPHONEOS_DEPLOYMENT_TARGET = 14.0;
				MTL_ENABLE_DEBUG_INFO = INCLUDE_SOURCE;
				MTL_FAST_MATH = YES;
				ONLY_ACTIVE_ARCH = YES;
				SDKROOT = iphoneos;
				SWIFT_ACTIVE_COMPILATION_CONDITIONS = DEBUG;
				SWIFT_OPTIMIZATION_LEVEL = "-Onone";
			};
			name = Debug;
		};
		7721E9F1251C7044002206A0 /* Release */ = {
			isa = XCBuildConfiguration;
			buildSettings = {
				ALWAYS_SEARCH_USER_PATHS = NO;
				CLANG_ANALYZER_NONNULL = YES;
				CLANG_ANALYZER_NUMBER_OBJECT_CONVERSION = YES_AGGRESSIVE;
				CLANG_CXX_LANGUAGE_STANDARD = "gnu++14";
				CLANG_CXX_LIBRARY = "libc++";
				CLANG_ENABLE_MODULES = YES;
				CLANG_ENABLE_OBJC_ARC = YES;
				CLANG_ENABLE_OBJC_WEAK = YES;
				CLANG_WARN_BLOCK_CAPTURE_AUTORELEASING = YES;
				CLANG_WARN_BOOL_CONVERSION = YES;
				CLANG_WARN_COMMA = YES;
				CLANG_WARN_CONSTANT_CONVERSION = YES;
				CLANG_WARN_DEPRECATED_OBJC_IMPLEMENTATIONS = YES;
				CLANG_WARN_DIRECT_OBJC_ISA_USAGE = YES_ERROR;
				CLANG_WARN_DOCUMENTATION_COMMENTS = YES;
				CLANG_WARN_EMPTY_BODY = YES;
				CLANG_WARN_ENUM_CONVERSION = YES;
				CLANG_WARN_INFINITE_RECURSION = YES;
				CLANG_WARN_INT_CONVERSION = YES;
				CLANG_WARN_NON_LITERAL_NULL_CONVERSION = YES;
				CLANG_WARN_OBJC_IMPLICIT_RETAIN_SELF = YES;
				CLANG_WARN_OBJC_LITERAL_CONVERSION = YES;
				CLANG_WARN_OBJC_ROOT_CLASS = YES_ERROR;
				CLANG_WARN_QUOTED_INCLUDE_IN_FRAMEWORK_HEADER = YES;
				CLANG_WARN_RANGE_LOOP_ANALYSIS = YES;
				CLANG_WARN_STRICT_PROTOTYPES = YES;
				CLANG_WARN_SUSPICIOUS_MOVE = YES;
				CLANG_WARN_UNGUARDED_AVAILABILITY = YES_AGGRESSIVE;
				CLANG_WARN_UNREACHABLE_CODE = YES;
				CLANG_WARN__DUPLICATE_METHOD_MATCH = YES;
				COPY_PHASE_STRIP = NO;
				DEBUG_INFORMATION_FORMAT = "dwarf-with-dsym";
				ENABLE_NS_ASSERTIONS = NO;
				ENABLE_STRICT_OBJC_MSGSEND = YES;
				GCC_C_LANGUAGE_STANDARD = gnu11;
				GCC_NO_COMMON_BLOCKS = YES;
				GCC_WARN_64_TO_32_BIT_CONVERSION = YES;
				GCC_WARN_ABOUT_RETURN_TYPE = YES_ERROR;
				GCC_WARN_UNDECLARED_SELECTOR = YES;
				GCC_WARN_UNINITIALIZED_AUTOS = YES_AGGRESSIVE;
				GCC_WARN_UNUSED_FUNCTION = YES;
				GCC_WARN_UNUSED_VARIABLE = YES;
				IPHONEOS_DEPLOYMENT_TARGET = 14.0;
				MTL_ENABLE_DEBUG_INFO = NO;
				MTL_FAST_MATH = YES;
				SDKROOT = iphoneos;
				SWIFT_COMPILATION_MODE = wholemodule;
				SWIFT_OPTIMIZATION_LEVEL = "-O";
				VALIDATE_PRODUCT = YES;
			};
			name = Release;
		};
		7721E9F3251C7044002206A0 /* Debug */ = {
			isa = XCBuildConfiguration;
			buildSettings = {
				ASSETCATALOG_COMPILER_APPICON_NAME = AppIcon;
				ASSETCATALOG_COMPILER_GLOBAL_ACCENT_COLOR_NAME = AccentColor;
				CODE_SIGN_STYLE = Automatic;
				DEVELOPMENT_TEAM = D58JEA7B89;
				INFOPLIST_FILE = BitfinexOrderBook/Info.plist;
				LD_RUNPATH_SEARCH_PATHS = (
					"$(inherited)",
					"@executable_path/Frameworks",
				);
				PRODUCT_BUNDLE_IDENTIFIER = fm.BitfinexOrderBook;
				PRODUCT_NAME = "$(TARGET_NAME)";
				SWIFT_VERSION = 5.0;
				TARGETED_DEVICE_FAMILY = "1,2";
			};
			name = Debug;
		};
		7721E9F4251C7044002206A0 /* Release */ = {
			isa = XCBuildConfiguration;
			buildSettings = {
				ASSETCATALOG_COMPILER_APPICON_NAME = AppIcon;
				ASSETCATALOG_COMPILER_GLOBAL_ACCENT_COLOR_NAME = AccentColor;
				CODE_SIGN_STYLE = Automatic;
				DEVELOPMENT_TEAM = D58JEA7B89;
				INFOPLIST_FILE = BitfinexOrderBook/Info.plist;
				LD_RUNPATH_SEARCH_PATHS = (
					"$(inherited)",
					"@executable_path/Frameworks",
				);
				PRODUCT_BUNDLE_IDENTIFIER = fm.BitfinexOrderBook;
				PRODUCT_NAME = "$(TARGET_NAME)";
				SWIFT_VERSION = 5.0;
				TARGETED_DEVICE_FAMILY = "1,2";
			};
			name = Release;
		};
		7721E9F6251C7044002206A0 /* Debug */ = {
			isa = XCBuildConfiguration;
			buildSettings = {
				ALWAYS_EMBED_SWIFT_STANDARD_LIBRARIES = YES;
				BUNDLE_LOADER = "$(TEST_HOST)";
				CODE_SIGN_STYLE = Automatic;
				DEVELOPMENT_TEAM = D58JEA7B89;
				INFOPLIST_FILE = BitfinexOrderBookTests/Info.plist;
				IPHONEOS_DEPLOYMENT_TARGET = 14.0;
				LD_RUNPATH_SEARCH_PATHS = (
					"$(inherited)",
					"@executable_path/Frameworks",
					"@loader_path/Frameworks",
				);
				PRODUCT_BUNDLE_IDENTIFIER = fm.BitfinexOrderBookTests;
				PRODUCT_NAME = "$(TARGET_NAME)";
				SWIFT_VERSION = 5.0;
				TARGETED_DEVICE_FAMILY = "1,2";
				TEST_HOST = "$(BUILT_PRODUCTS_DIR)/BitfinexOrderBook.app/BitfinexOrderBook";
			};
			name = Debug;
		};
		7721E9F7251C7044002206A0 /* Release */ = {
			isa = XCBuildConfiguration;
			buildSettings = {
				ALWAYS_EMBED_SWIFT_STANDARD_LIBRARIES = YES;
				BUNDLE_LOADER = "$(TEST_HOST)";
				CODE_SIGN_STYLE = Automatic;
				DEVELOPMENT_TEAM = D58JEA7B89;
				INFOPLIST_FILE = BitfinexOrderBookTests/Info.plist;
				IPHONEOS_DEPLOYMENT_TARGET = 14.0;
				LD_RUNPATH_SEARCH_PATHS = (
					"$(inherited)",
					"@executable_path/Frameworks",
					"@loader_path/Frameworks",
				);
				PRODUCT_BUNDLE_IDENTIFIER = fm.BitfinexOrderBookTests;
				PRODUCT_NAME = "$(TARGET_NAME)";
				SWIFT_VERSION = 5.0;
				TARGETED_DEVICE_FAMILY = "1,2";
				TEST_HOST = "$(BUILT_PRODUCTS_DIR)/BitfinexOrderBook.app/BitfinexOrderBook";
			};
			name = Release;
		};
		7721E9F9251C7044002206A0 /* Debug */ = {
			isa = XCBuildConfiguration;
			buildSettings = {
				ALWAYS_EMBED_SWIFT_STANDARD_LIBRARIES = YES;
				CODE_SIGN_STYLE = Automatic;
				DEVELOPMENT_TEAM = D58JEA7B89;
				INFOPLIST_FILE = BitfinexOrderBookUITests/Info.plist;
				LD_RUNPATH_SEARCH_PATHS = (
					"$(inherited)",
					"@executable_path/Frameworks",
					"@loader_path/Frameworks",
				);
				PRODUCT_BUNDLE_IDENTIFIER = fm.BitfinexOrderBookUITests;
				PRODUCT_NAME = "$(TARGET_NAME)";
				SWIFT_VERSION = 5.0;
				TARGETED_DEVICE_FAMILY = "1,2";
				TEST_TARGET_NAME = BitfinexOrderBook;
			};
			name = Debug;
		};
		7721E9FA251C7044002206A0 /* Release */ = {
			isa = XCBuildConfiguration;
			buildSettings = {
				ALWAYS_EMBED_SWIFT_STANDARD_LIBRARIES = YES;
				CODE_SIGN_STYLE = Automatic;
				DEVELOPMENT_TEAM = D58JEA7B89;
				INFOPLIST_FILE = BitfinexOrderBookUITests/Info.plist;
				LD_RUNPATH_SEARCH_PATHS = (
					"$(inherited)",
					"@executable_path/Frameworks",
					"@loader_path/Frameworks",
				);
				PRODUCT_BUNDLE_IDENTIFIER = fm.BitfinexOrderBookUITests;
				PRODUCT_NAME = "$(TARGET_NAME)";
				SWIFT_VERSION = 5.0;
				TARGETED_DEVICE_FAMILY = "1,2";
				TEST_TARGET_NAME = BitfinexOrderBook;
			};
			name = Release;
		};
/* End XCBuildConfiguration section */

/* Begin XCConfigurationList section */
		7721E9C3251C7041002206A0 /* Build configuration list for PBXProject "BitfinexOrderBook" */ = {
			isa = XCConfigurationList;
			buildConfigurations = (
				7721E9F0251C7044002206A0 /* Debug */,
				7721E9F1251C7044002206A0 /* Release */,
			);
			defaultConfigurationIsVisible = 0;
			defaultConfigurationName = Release;
		};
		7721E9F2251C7044002206A0 /* Build configuration list for PBXNativeTarget "BitfinexOrderBook" */ = {
			isa = XCConfigurationList;
			buildConfigurations = (
				7721E9F3251C7044002206A0 /* Debug */,
				7721E9F4251C7044002206A0 /* Release */,
			);
			defaultConfigurationIsVisible = 0;
			defaultConfigurationName = Release;
		};
		7721E9F5251C7044002206A0 /* Build configuration list for PBXNativeTarget "BitfinexOrderBookTests" */ = {
			isa = XCConfigurationList;
			buildConfigurations = (
				7721E9F6251C7044002206A0 /* Debug */,
				7721E9F7251C7044002206A0 /* Release */,
			);
			defaultConfigurationIsVisible = 0;
			defaultConfigurationName = Release;
		};
		7721E9F8251C7044002206A0 /* Build configuration list for PBXNativeTarget "BitfinexOrderBookUITests" */ = {
			isa = XCConfigurationList;
			buildConfigurations = (
				7721E9F9251C7044002206A0 /* Debug */,
				7721E9FA251C7044002206A0 /* Release */,
			);
			defaultConfigurationIsVisible = 0;
			defaultConfigurationName = Release;
		};
/* End XCConfigurationList section */
	};
	rootObject = 7721E9C0251C7041002206A0 /* Project object */;
}
