// !$*UTF8*$!
{
	archiveVersion = 1;
	classes = {
	};
	objectVersion = 51;
	objects = {

/* Begin PBXBuildFile section */
		7721E9CC251C7041002206A0 /* AppDelegate.swift in Sources */ = {isa = PBXBuildFile; fileRef = 7721E9CB251C7041002206A0 /* AppDelegate.swift */; };
		7721E9CE251C7042002206A0 /* SceneDelegate.swift in Sources */ = {isa = PBXBuildFile; fileRef = 7721E9CD251C7042002206A0 /* SceneDelegate.swift */; };
		7721E9D0251C7042002206A0 /* OrderBookViewController.swift in Sources */ = {isa = PBXBuildFile; fileRef = 7721E9CF251C7042002206A0 /* OrderBookViewController.swift */; };
		7721E9D3251C7042002206A0 /* Main.storyboard in Resources */ = {isa = PBXBuildFile; fileRef = 7721E9D1251C7042002206A0 /* Main.storyboard */; };
		7721E9D5251C7043002206A0 /* Assets.xcassets in Resources */ = {isa = PBXBuildFile; fileRef = 7721E9D4251C7043002206A0 /* Assets.xcassets */; };
		7721E9D8251C7043002206A0 /* LaunchScreen.storyboard in Resources */ = {isa = PBXBuildFile; fileRef = 7721E9D6251C7043002206A0 /* LaunchScreen.storyboard */; };
		7721E9E3251C7044002206A0 /* BitfinexOrderBookTests.swift in Sources */ = {isa = PBXBuildFile; fileRef = 7721E9E2251C7044002206A0 /* BitfinexOrderBookTests.swift */; };
		7721E9EE251C7044002206A0 /* BitfinexOrderBookUITests.swift in Sources */ = {isa = PBXBuildFile; fileRef = 7721E9ED251C7044002206A0 /* BitfinexOrderBookUITests.swift */; };
		775BF65D2521E2950089FD41 /* OrderBookWebService.swift in Sources */ = {isa = PBXBuildFile; fileRef = 775BF65C2521E2950089FD41 /* OrderBookWebService.swift */; };
		776ECEEE251F6A2F00E009C0 /* NumberFormats.swift in Sources */ = {isa = PBXBuildFile; fileRef = 776ECEED251F6A2F00E009C0 /* NumberFormats.swift */; };
		776ECEF32520798B00E009C0 /* OrderBookModel.swift in Sources */ = {isa = PBXBuildFile; fileRef = 776ECEF22520798B00E009C0 /* OrderBookModel.swift */; };
		776ECF0925209BA400E009C0 /* OrderBookViewModel.swift in Sources */ = {isa = PBXBuildFile; fileRef = 776ECF0825209BA400E009C0 /* OrderBookViewModel.swift */; };
		776ECF3D2520E5CB00E009C0 /* OrderBookTableViewCell.swift in Sources */ = {isa = PBXBuildFile; fileRef = 776ECF3B2520E5CB00E009C0 /* OrderBookTableViewCell.swift */; };
		776ECF3E2520E5CB00E009C0 /* OrderBookTableViewCell.xib in Resources */ = {isa = PBXBuildFile; fileRef = 776ECF3C2520E5CB00E009C0 /* OrderBookTableViewCell.xib */; };
		776ECF4B2521012B00E009C0 /* OrderBookHeaderView.xib in Resources */ = {isa = PBXBuildFile; fileRef = 776ECF4A2521012B00E009C0 /* OrderBookHeaderView.xib */; };
		77847BD1251D3E7300F87EEC /* Bitfinex.proto in Sources */ = {isa = PBXBuildFile; fileRef = 77847BD0251D3E7300F87EEC /* Bitfinex.proto */; };
		77847BE1251D41C800F87EEC /* Bitfinex.pb.swift in Sources */ = {isa = PBXBuildFile; fileRef = 77847BE0251D41C800F87EEC /* Bitfinex.pb.swift */; };
		77847C1D251DE46C00F87EEC /* WebSocketHandler.swift in Sources */ = {isa = PBXBuildFile; fileRef = 77847C1C251DE46C00F87EEC /* WebSocketHandler.swift */; };
		77847C38251DED7900F87EEC /* TickerModel.swift in Sources */ = {isa = PBXBuildFile; fileRef = 77847C37251DED7900F87EEC /* TickerModel.swift */; };
		8B95AFBB77A4A072E91317C2 /* Pods_BitfinexOrderBookTests.framework in Frameworks */ = {isa = PBXBuildFile; fileRef = 17BE216DBB121A930BA903E8 /* Pods_BitfinexOrderBookTests.framework */; };
		C5CE693E6EA3DC6AB74EC373 /* Pods_BitfinexOrderBook.framework in Frameworks */ = {isa = PBXBuildFile; fileRef = 3A996DF5869161E1E97B14C9 /* Pods_BitfinexOrderBook.framework */; };
		DC2C85D90837077F11FA14A9 /* Pods_BitfinexOrderBookUITests.framework in Frameworks */ = {isa = PBXBuildFile; fileRef = AE03208B9DF39A20C641AD2F /* Pods_BitfinexOrderBookUITests.framework */; };
/* End PBXBuildFile section */

/* Begin PBXContainerItemProxy section */
		7721E9DF251C7044002206A0 /* PBXContainerItemProxy */ = {
			isa = PBXContainerItemProxy;
			containerPortal = 7721E9C0251C7041002206A0 /* Project object */;
			proxyType = 1;
			remoteGlobalIDString = 7721E9C7251C7041002206A0;
			remoteInfo = BitfinexOrderBook;
		};
		7721E9EA251C7044002206A0 /* PBXContainerItemProxy */ = {
			isa = PBXContainerItemProxy;
			containerPortal = 7721E9C0251C7041002206A0 /* Project object */;
			proxyType = 1;
			remoteGlobalIDString = 7721E9C7251C7041002206A0;
			remoteInfo = BitfinexOrderBook;
		};
/* End PBXContainerItemProxy section */

/* Begin PBXFileReference section */
		10D4861EF4A434D7662E445A /* Pods-BitfinexOrderBookTests.release.xcconfig */ = {isa = PBXFileReference; includeInIndex = 1; lastKnownFileType = text.xcconfig; name = "Pods-BitfinexOrderBookTests.release.xcconfig"; path = "Target Support Files/Pods-BitfinexOrderBookTests/Pods-BitfinexOrderBookTests.release.xcconfig"; sourceTree = "<group>"; };
		17BE216DBB121A930BA903E8 /* Pods_BitfinexOrderBookTests.framework */ = {isa = PBXFileReference; explicitFileType = wrapper.framework; includeInIndex = 0; path = Pods_BitfinexOrderBookTests.framework; sourceTree = BUILT_PRODUCTS_DIR; };
		3A996DF5869161E1E97B14C9 /* Pods_BitfinexOrderBook.framework */ = {isa = PBXFileReference; explicitFileType = wrapper.framework; includeInIndex = 0; path = Pods_BitfinexOrderBook.framework; sourceTree = BUILT_PRODUCTS_DIR; };
		4F6E86AFC44E59EEF5105AEC /* Pods-BitfinexOrderBook.release.xcconfig */ = {isa = PBXFileReference; includeInIndex = 1; lastKnownFileType = text.xcconfig; name = "Pods-BitfinexOrderBook.release.xcconfig"; path = "Target Support Files/Pods-BitfinexOrderBook/Pods-BitfinexOrderBook.release.xcconfig"; sourceTree = "<group>"; };
		4F85A53FB1389180FC492FCD /* Pods-BitfinexOrderBookUITests.release.xcconfig */ = {isa = PBXFileReference; includeInIndex = 1; lastKnownFileType = text.xcconfig; name = "Pods-BitfinexOrderBookUITests.release.xcconfig"; path = "Target Support Files/Pods-BitfinexOrderBookUITests/Pods-BitfinexOrderBookUITests.release.xcconfig"; sourceTree = "<group>"; };
		600B590540D633C2004867F6 /* Pods-BitfinexOrderBook-BitfinexOrderBookUITests.release.xcconfig */ = {isa = PBXFileReference; includeInIndex = 1; lastKnownFileType = text.xcconfig; name = "Pods-BitfinexOrderBook-BitfinexOrderBookUITests.release.xcconfig"; path = "Target Support Files/Pods-BitfinexOrderBook-BitfinexOrderBookUITests/Pods-BitfinexOrderBook-BitfinexOrderBookUITests.release.xcconfig"; sourceTree = "<group>"; };
		7721E9C8251C7041002206A0 /* BitfinexOrderBook.app */ = {isa = PBXFileReference; explicitFileType = wrapper.application; includeInIndex = 0; path = BitfinexOrderBook.app; sourceTree = BUILT_PRODUCTS_DIR; };
		7721E9CB251C7041002206A0 /* AppDelegate.swift */ = {isa = PBXFileReference; lastKnownFileType = sourcecode.swift; path = AppDelegate.swift; sourceTree = "<group>"; };
		7721E9CD251C7042002206A0 /* SceneDelegate.swift */ = {isa = PBXFileReference; lastKnownFileType = sourcecode.swift; path = SceneDelegate.swift; sourceTree = "<group>"; };
		7721E9CF251C7042002206A0 /* OrderBookViewController.swift */ = {isa = PBXFileReference; lastKnownFileType = sourcecode.swift; path = OrderBookViewController.swift; sourceTree = "<group>"; };
		7721E9D2251C7042002206A0 /* Base */ = {isa = PBXFileReference; lastKnownFileType = file.storyboard; name = Base; path = Base.lproj/Main.storyboard; sourceTree = "<group>"; };
		7721E9D4251C7043002206A0 /* Assets.xcassets */ = {isa = PBXFileReference; lastKnownFileType = folder.assetcatalog; path = Assets.xcassets; sourceTree = "<group>"; };
		7721E9D7251C7043002206A0 /* Base */ = {isa = PBXFileReference; lastKnownFileType = file.storyboard; name = Base; path = Base.lproj/LaunchScreen.storyboard; sourceTree = "<group>"; };
		7721E9D9251C7043002206A0 /* Info.plist */ = {isa = PBXFileReference; lastKnownFileType = text.plist.xml; path = Info.plist; sourceTree = "<group>"; };
		7721E9DE251C7044002206A0 /* BitfinexOrderBookTests.xctest */ = {isa = PBXFileReference; explicitFileType = wrapper.cfbundle; includeInIndex = 0; path = BitfinexOrderBookTests.xctest; sourceTree = BUILT_PRODUCTS_DIR; };
		7721E9E2251C7044002206A0 /* BitfinexOrderBookTests.swift */ = {isa = PBXFileReference; lastKnownFileType = sourcecode.swift; path = BitfinexOrderBookTests.swift; sourceTree = "<group>"; };
		7721E9E4251C7044002206A0 /* Info.plist */ = {isa = PBXFileReference; lastKnownFileType = text.plist.xml; path = Info.plist; sourceTree = "<group>"; };
		7721E9E9251C7044002206A0 /* BitfinexOrderBookUITests.xctest */ = {isa = PBXFileReference; explicitFileType = wrapper.cfbundle; includeInIndex = 0; path = BitfinexOrderBookUITests.xctest; sourceTree = BUILT_PRODUCTS_DIR; };
		7721E9ED251C7044002206A0 /* BitfinexOrderBookUITests.swift */ = {isa = PBXFileReference; lastKnownFileType = sourcecode.swift; path = BitfinexOrderBookUITests.swift; sourceTree = "<group>"; };
		7721E9EF251C7044002206A0 /* Info.plist */ = {isa = PBXFileReference; lastKnownFileType = text.plist.xml; path = Info.plist; sourceTree = "<group>"; };
		775BF65C2521E2950089FD41 /* OrderBookWebService.swift */ = {isa = PBXFileReference; lastKnownFileType = sourcecode.swift; path = OrderBookWebService.swift; sourceTree = "<group>"; };
		776ECEED251F6A2F00E009C0 /* NumberFormats.swift */ = {isa = PBXFileReference; lastKnownFileType = sourcecode.swift; path = NumberFormats.swift; sourceTree = "<group>"; };
		776ECEF22520798B00E009C0 /* OrderBookModel.swift */ = {isa = PBXFileReference; lastKnownFileType = sourcecode.swift; path = OrderBookModel.swift; sourceTree = "<group>"; };
		776ECF0825209BA400E009C0 /* OrderBookViewModel.swift */ = {isa = PBXFileReference; lastKnownFileType = sourcecode.swift; path = OrderBookViewModel.swift; sourceTree = "<group>"; };
		776ECF3B2520E5CB00E009C0 /* OrderBookTableViewCell.swift */ = {isa = PBXFileReference; lastKnownFileType = sourcecode.swift; path = OrderBookTableViewCell.swift; sourceTree = "<group>"; };
		776ECF3C2520E5CB00E009C0 /* OrderBookTableViewCell.xib */ = {isa = PBXFileReference; lastKnownFileType = file.xib; path = OrderBookTableViewCell.xib; sourceTree = "<group>"; };
		776ECF4A2521012B00E009C0 /* OrderBookHeaderView.xib */ = {isa = PBXFileReference; lastKnownFileType = file.xib; path = OrderBookHeaderView.xib; sourceTree = "<group>"; };
		77847BD0251D3E7300F87EEC /* Bitfinex.proto */ = {isa = PBXFileReference; fileEncoding = 4; lastKnownFileType = sourcecode.protobuf; path = Bitfinex.proto; sourceTree = "<group>"; };
		77847BE0251D41C800F87EEC /* Bitfinex.pb.swift */ = {isa = PBXFileReference; fileEncoding = 4; lastKnownFileType = sourcecode.swift; path = Bitfinex.pb.swift; sourceTree = "<group>"; };
		77847C1C251DE46C00F87EEC /* WebSocketHandler.swift */ = {isa = PBXFileReference; lastKnownFileType = sourcecode.swift; path = WebSocketHandler.swift; sourceTree = "<group>"; };
		77847C37251DED7900F87EEC /* TickerModel.swift */ = {isa = PBXFileReference; lastKnownFileType = sourcecode.swift; path = TickerModel.swift; sourceTree = "<group>"; };
		AE03208B9DF39A20C641AD2F /* Pods_BitfinexOrderBookUITests.framework */ = {isa = PBXFileReference; explicitFileType = wrapper.framework; includeInIndex = 0; path = Pods_BitfinexOrderBookUITests.framework; sourceTree = BUILT_PRODUCTS_DIR; };
		CE950A989223220C176F97BA /* Pods-BitfinexOrderBookTests.debug.xcconfig */ = {isa = PBXFileReference; includeInIndex = 1; lastKnownFileType = text.xcconfig; name = "Pods-BitfinexOrderBookTests.debug.xcconfig"; path = "Target Support Files/Pods-BitfinexOrderBookTests/Pods-BitfinexOrderBookTests.debug.xcconfig"; sourceTree = "<group>"; };
		D2AA1B216BEFAAD88F9EC02F /* Pods-BitfinexOrderBookUITests.debug.xcconfig */ = {isa = PBXFileReference; includeInIndex = 1; lastKnownFileType = text.xcconfig; name = "Pods-BitfinexOrderBookUITests.debug.xcconfig"; path = "Target Support Files/Pods-BitfinexOrderBookUITests/Pods-BitfinexOrderBookUITests.debug.xcconfig"; sourceTree = "<group>"; };
		D35A46D0B8515B54E4622D4A /* Pods-BitfinexOrderBook.debug.xcconfig */ = {isa = PBXFileReference; includeInIndex = 1; lastKnownFileType = text.xcconfig; name = "Pods-BitfinexOrderBook.debug.xcconfig"; path = "Target Support Files/Pods-BitfinexOrderBook/Pods-BitfinexOrderBook.debug.xcconfig"; sourceTree = "<group>"; };
		D4F7911DB0CE16062AF9205D /* Pods-BitfinexOrderBook-BitfinexOrderBookUITests.debug.xcconfig */ = {isa = PBXFileReference; includeInIndex = 1; lastKnownFileType = text.xcconfig; name = "Pods-BitfinexOrderBook-BitfinexOrderBookUITests.debug.xcconfig"; path = "Target Support Files/Pods-BitfinexOrderBook-BitfinexOrderBookUITests/Pods-BitfinexOrderBook-BitfinexOrderBookUITests.debug.xcconfig"; sourceTree = "<group>"; };
/* End PBXFileReference section */

/* Begin PBXFrameworksBuildPhase section */
		7721E9C5251C7041002206A0 /* Frameworks */ = {
			isa = PBXFrameworksBuildPhase;
			buildActionMask = 2147483647;
			files = (
				C5CE693E6EA3DC6AB74EC373 /* Pods_BitfinexOrderBook.framework in Frameworks */,
			);
			runOnlyForDeploymentPostprocessing = 0;
		};
		7721E9DB251C7044002206A0 /* Frameworks */ = {
			isa = PBXFrameworksBuildPhase;
			buildActionMask = 2147483647;
			files = (
				8B95AFBB77A4A072E91317C2 /* Pods_BitfinexOrderBookTests.framework in Frameworks */,
			);
			runOnlyForDeploymentPostprocessing = 0;
		};
		7721E9E6251C7044002206A0 /* Frameworks */ = {
			isa = PBXFrameworksBuildPhase;
			buildActionMask = 2147483647;
			files = (
				DC2C85D90837077F11FA14A9 /* Pods_BitfinexOrderBookUITests.framework in Frameworks */,
			);
			runOnlyForDeploymentPostprocessing = 0;
		};
/* End PBXFrameworksBuildPhase section */

/* Begin PBXGroup section */
		74C06E499559DE3B7A747A02 /* Pods */ = {
			isa = PBXGroup;
			children = (
				D35A46D0B8515B54E4622D4A /* Pods-BitfinexOrderBook.debug.xcconfig */,
				4F6E86AFC44E59EEF5105AEC /* Pods-BitfinexOrderBook.release.xcconfig */,
				D4F7911DB0CE16062AF9205D /* Pods-BitfinexOrderBook-BitfinexOrderBookUITests.debug.xcconfig */,
				600B590540D633C2004867F6 /* Pods-BitfinexOrderBook-BitfinexOrderBookUITests.release.xcconfig */,
				CE950A989223220C176F97BA /* Pods-BitfinexOrderBookTests.debug.xcconfig */,
				10D4861EF4A434D7662E445A /* Pods-BitfinexOrderBookTests.release.xcconfig */,
				D2AA1B216BEFAAD88F9EC02F /* Pods-BitfinexOrderBookUITests.debug.xcconfig */,
				4F85A53FB1389180FC492FCD /* Pods-BitfinexOrderBookUITests.release.xcconfig */,
			);
			path = Pods;
			sourceTree = "<group>";
		};
		7721E9BF251C7041002206A0 = {
			isa = PBXGroup;
			children = (
				7721E9CA251C7041002206A0 /* BitfinexOrderBook */,
				7721E9E1251C7044002206A0 /* BitfinexOrderBookTests */,
				7721E9EC251C7044002206A0 /* BitfinexOrderBookUITests */,
				7721E9C9251C7041002206A0 /* Products */,
				74C06E499559DE3B7A747A02 /* Pods */,
				B1B68D2EBCEF666544E216E4 /* Frameworks */,
			);
			sourceTree = "<group>";
		};
		7721E9C9251C7041002206A0 /* Products */ = {
			isa = PBXGroup;
			children = (
				7721E9C8251C7041002206A0 /* BitfinexOrderBook.app */,
				7721E9DE251C7044002206A0 /* BitfinexOrderBookTests.xctest */,
				7721E9E9251C7044002206A0 /* BitfinexOrderBookUITests.xctest */,
			);
			name = Products;
			sourceTree = "<group>";
		};
		7721E9CA251C7041002206A0 /* BitfinexOrderBook */ = {
			isa = PBXGroup;
			children = (
				77847C21251DE47D00F87EEC /* WebSocketService */,
				77847BEE251DD66300F87EEC /* DataModel */,
				776ECF0D25209DC200E009C0 /* OrderBookUI */,
				776ECEEC251F69C200E009C0 /* Utils */,
				7721E9CB251C7041002206A0 /* AppDelegate.swift */,
				7721E9CD251C7042002206A0 /* SceneDelegate.swift */,
				7721E9D4251C7043002206A0 /* Assets.xcassets */,
				7721E9D6251C7043002206A0 /* LaunchScreen.storyboard */,
				7721E9D9251C7043002206A0 /* Info.plist */,
			);
			path = BitfinexOrderBook;
			sourceTree = "<group>";
		};
		7721E9E1251C7044002206A0 /* BitfinexOrderBookTests */ = {
			isa = PBXGroup;
			children = (
				7721E9E2251C7044002206A0 /* BitfinexOrderBookTests.swift */,
				7721E9E4251C7044002206A0 /* Info.plist */,
			);
			path = BitfinexOrderBookTests;
			sourceTree = "<group>";
		};
		7721E9EC251C7044002206A0 /* BitfinexOrderBookUITests */ = {
			isa = PBXGroup;
			children = (
				7721E9ED251C7044002206A0 /* BitfinexOrderBookUITests.swift */,
				7721E9EF251C7044002206A0 /* Info.plist */,
			);
			path = BitfinexOrderBookUITests;
			sourceTree = "<group>";
		};
		776ECEEC251F69C200E009C0 /* Utils */ = {
			isa = PBXGroup;
			children = (
				776ECEED251F6A2F00E009C0 /* NumberFormats.swift */,
			);
			path = Utils;
			sourceTree = "<group>";
		};
		776ECF0D25209DC200E009C0 /* OrderBookUI */ = {
			isa = PBXGroup;
			children = (
				7721E9D1251C7042002206A0 /* Main.storyboard */,
				776ECF0825209BA400E009C0 /* OrderBookViewModel.swift */,
				7721E9CF251C7042002206A0 /* OrderBookViewController.swift */,
				776ECF3B2520E5CB00E009C0 /* OrderBookTableViewCell.swift */,
				776ECF3C2520E5CB00E009C0 /* OrderBookTableViewCell.xib */,
				776ECF4A2521012B00E009C0 /* OrderBookHeaderView.xib */,
			);
			path = OrderBookUI;
			sourceTree = "<group>";
		};
		77847BCF251D3E4400F87EEC /* Protobuf */ = {
			isa = PBXGroup;
			children = (
				77847BE0251D41C800F87EEC /* Bitfinex.pb.swift */,
				77847BD0251D3E7300F87EEC /* Bitfinex.proto */,
			);
			path = Protobuf;
			sourceTree = "<group>";
		};
		77847BEE251DD66300F87EEC /* DataModel */ = {
			isa = PBXGroup;
			children = (
				776ECEF22520798B00E009C0 /* OrderBookModel.swift */,
				77847C37251DED7900F87EEC /* TickerModel.swift */,
				77847BCF251D3E4400F87EEC /* Protobuf */,
			);
			path = DataModel;
			sourceTree = "<group>";
		};
		77847C21251DE47D00F87EEC /* WebSocketService */ = {
			isa = PBXGroup;
			children = (
				77847C1C251DE46C00F87EEC /* WebSocketHandler.swift */,
				775BF65C2521E2950089FD41 /* OrderBookWebService.swift */,
			);
			path = WebSocketService;
			sourceTree = "<group>";
		};
		B1B68D2EBCEF666544E216E4 /* Frameworks */ = {
			isa = PBXGroup;
			children = (
				3A996DF5869161E1E97B14C9 /* Pods_BitfinexOrderBook.framework */,
				17BE216DBB121A930BA903E8 /* Pods_BitfinexOrderBookTests.framework */,
				AE03208B9DF39A20C641AD2F /* Pods_BitfinexOrderBookUITests.framework */,
			);
			name = Frameworks;
			sourceTree = "<group>";
		};
/* End PBXGroup section */

/* Begin PBXNativeTarget section */
		7721E9C7251C7041002206A0 /* BitfinexOrderBook */ = {
			isa = PBXNativeTarget;
			buildConfigurationList = 7721E9F2251C7044002206A0 /* Build configuration list for PBXNativeTarget "BitfinexOrderBook" */;
			buildPhases = (
				CBEF9AC7F2D1D4491EF3D658 /* [CP] Check Pods Manifest.lock */,
				7721E9C4251C7041002206A0 /* Sources */,
				7721E9C5251C7041002206A0 /* Frameworks */,
				7721E9C6251C7041002206A0 /* Resources */,
				0B19B0DC7746A521C5028000 /* [CP] Embed Pods Frameworks */,
			);
			buildRules = (
			);
			dependencies = (
			);
			name = BitfinexOrderBook;
			productName = BitfinexOrderBook;
			productReference = 7721E9C8251C7041002206A0 /* BitfinexOrderBook.app */;
			productType = "com.apple.product-type.application";
		};
		7721E9DD251C7044002206A0 /* BitfinexOrderBookTests */ = {
			isa = PBXNativeTarget;
			buildConfigurationList = 7721E9F5251C7044002206A0 /* Build configuration list for PBXNativeTarget "BitfinexOrderBookTests" */;
			buildPhases = (
				4024C9280C2B44B7BEC39D06 /* [CP] Check Pods Manifest.lock */,
				7721E9DA251C7044002206A0 /* Sources */,
				7721E9DB251C7044002206A0 /* Frameworks */,
				7721E9DC251C7044002206A0 /* Resources */,
			);
			buildRules = (
			);
			dependencies = (
				7721E9E0251C7044002206A0 /* PBXTargetDependency */,
			);
			name = BitfinexOrderBookTests;
			productName = BitfinexOrderBookTests;
			productReference = 7721E9DE251C7044002206A0 /* BitfinexOrderBookTests.xctest */;
			productType = "com.apple.product-type.bundle.unit-test";
		};
		7721E9E8251C7044002206A0 /* BitfinexOrderBookUITests */ = {
			isa = PBXNativeTarget;
			buildConfigurationList = 7721E9F8251C7044002206A0 /* Build configuration list for PBXNativeTarget "BitfinexOrderBookUITests" */;
			buildPhases = (
				EACBD51530E67AD6DC792BCF /* [CP] Check Pods Manifest.lock */,
				7721E9E5251C7044002206A0 /* Sources */,
				7721E9E6251C7044002206A0 /* Frameworks */,
				7721E9E7251C7044002206A0 /* Resources */,
			);
			buildRules = (
			);
			dependencies = (
				7721E9EB251C7044002206A0 /* PBXTargetDependency */,
			);
			name = BitfinexOrderBookUITests;
			productName = BitfinexOrderBookUITests;
			productReference = 7721E9E9251C7044002206A0 /* BitfinexOrderBookUITests.xctest */;
			productType = "com.apple.product-type.bundle.ui-testing";
		};
/* End PBXNativeTarget section */

/* Begin PBXProject section */
		7721E9C0251C7041002206A0 /* Project object */ = {
			isa = PBXProject;
			attributes = {
				LastSwiftUpdateCheck = 1200;
				LastUpgradeCheck = 1200;
				TargetAttributes = {
					7721E9C7251C7041002206A0 = {
						CreatedOnToolsVersion = 12.0;
					};
					7721E9DD251C7044002206A0 = {
						CreatedOnToolsVersion = 12.0;
						TestTargetID = 7721E9C7251C7041002206A0;
					};
					7721E9E8251C7044002206A0 = {
						CreatedOnToolsVersion = 12.0;
						TestTargetID = 7721E9C7251C7041002206A0;
					};
				};
			};
			buildConfigurationList = 7721E9C3251C7041002206A0 /* Build configuration list for PBXProject "BitfinexOrderBook" */;
			compatibilityVersion = "Xcode 9.3";
			developmentRegion = en;
			hasScannedForEncodings = 0;
			knownRegions = (
				en,
				Base,
			);
			mainGroup = 7721E9BF251C7041002206A0;
			productRefGroup = 7721E9C9251C7041002206A0 /* Products */;
			projectDirPath = "";
			projectRoot = "";
			targets = (
				7721E9C7251C7041002206A0 /* BitfinexOrderBook */,
				7721E9DD251C7044002206A0 /* BitfinexOrderBookTests */,
				7721E9E8251C7044002206A0 /* BitfinexOrderBookUITests */,
			);
		};
/* End PBXProject section */

/* Begin PBXResourcesBuildPhase section */
		7721E9C6251C7041002206A0 /* Resources */ = {
			isa = PBXResourcesBuildPhase;
			buildActionMask = 2147483647;
			files = (
				7721E9D8251C7043002206A0 /* LaunchScreen.storyboard in Resources */,
				776ECF3E2520E5CB00E009C0 /* OrderBookTableViewCell.xib in Resources */,
				7721E9D5251C7043002206A0 /* Assets.xcassets in Resources */,
				776ECF4B2521012B00E009C0 /* OrderBookHeaderView.xib in Resources */,
				7721E9D3251C7042002206A0 /* Main.storyboard in Resources */,
			);
			runOnlyForDeploymentPostprocessing = 0;
		};
		7721E9DC251C7044002206A0 /* Resources */ = {
			isa = PBXResourcesBuildPhase;
			buildActionMask = 2147483647;
			files = (
			);
			runOnlyForDeploymentPostprocessing = 0;
		};
		7721E9E7251C7044002206A0 /* Resources */ = {
			isa = PBXResourcesBuildPhase;
			buildActionMask = 2147483647;
			files = (
			);
			runOnlyForDeploymentPostprocessing = 0;
		};
/* End PBXResourcesBuildPhase section */

/* Begin PBXShellScriptBuildPhase section */
		0B19B0DC7746A521C5028000 /* [CP] Embed Pods Frameworks */ = {
			isa = PBXShellScriptBuildPhase;
			buildActionMask = 2147483647;
			files = (
			);
			inputFileListPaths = (
				"${PODS_ROOT}/Target Support Files/Pods-BitfinexOrderBook/Pods-BitfinexOrderBook-frameworks-${CONFIGURATION}-input-files.xcfilelist",
			);
			name = "[CP] Embed Pods Frameworks";
			outputFileListPaths = (
				"${PODS_ROOT}/Target Support Files/Pods-BitfinexOrderBook/Pods-BitfinexOrderBook-frameworks-${CONFIGURATION}-output-files.xcfilelist",
			);
			runOnlyForDeploymentPostprocessing = 0;
			shellPath = /bin/sh;
			shellScript = "\"${PODS_ROOT}/Target Support Files/Pods-BitfinexOrderBook/Pods-BitfinexOrderBook-frameworks.sh\"\n";
			showEnvVarsInLog = 0;
		};
		4024C9280C2B44B7BEC39D06 /* [CP] Check Pods Manifest.lock */ = {
			isa = PBXShellScriptBuildPhase;
			buildActionMask = 2147483647;
			files = (
			);
			inputFileListPaths = (
			);
			inputPaths = (
				"${PODS_PODFILE_DIR_PATH}/Podfile.lock",
				"${PODS_ROOT}/Manifest.lock",
			);
			name = "[CP] Check Pods Manifest.lock";
			outputFileListPaths = (
			);
			outputPaths = (
				"$(DERIVED_FILE_DIR)/Pods-BitfinexOrderBookTests-checkManifestLockResult.txt",
			);
			runOnlyForDeploymentPostprocessing = 0;
			shellPath = /bin/sh;
			shellScript = "diff \"${PODS_PODFILE_DIR_PATH}/Podfile.lock\" \"${PODS_ROOT}/Manifest.lock\" > /dev/null\nif [ $? != 0 ] ; then\n    # print error to STDERR\n    echo \"error: The sandbox is not in sync with the Podfile.lock. Run 'pod install' or update your CocoaPods installation.\" >&2\n    exit 1\nfi\n# This output is used by Xcode 'outputs' to avoid re-running this script phase.\necho \"SUCCESS\" > \"${SCRIPT_OUTPUT_FILE_0}\"\n";
			showEnvVarsInLog = 0;
		};
		CBEF9AC7F2D1D4491EF3D658 /* [CP] Check Pods Manifest.lock */ = {
			isa = PBXShellScriptBuildPhase;
			buildActionMask = 2147483647;
			files = (
			);
			inputFileListPaths = (
			);
			inputPaths = (
				"${PODS_PODFILE_DIR_PATH}/Podfile.lock",
				"${PODS_ROOT}/Manifest.lock",
			);
			name = "[CP] Check Pods Manifest.lock";
			outputFileListPaths = (
			);
			outputPaths = (
				"$(DERIVED_FILE_DIR)/Pods-BitfinexOrderBook-checkManifestLockResult.txt",
			);
			runOnlyForDeploymentPostprocessing = 0;
			shellPath = /bin/sh;
			shellScript = "diff \"${PODS_PODFILE_DIR_PATH}/Podfile.lock\" \"${PODS_ROOT}/Manifest.lock\" > /dev/null\nif [ $? != 0 ] ; then\n    # print error to STDERR\n    echo \"error: The sandbox is not in sync with the Podfile.lock. Run 'pod install' or update your CocoaPods installation.\" >&2\n    exit 1\nfi\n# This output is used by Xcode 'outputs' to avoid re-running this script phase.\necho \"SUCCESS\" > \"${SCRIPT_OUTPUT_FILE_0}\"\n";
			showEnvVarsInLog = 0;
		};
		EACBD51530E67AD6DC792BCF /* [CP] Check Pods Manifest.lock */ = {
			isa = PBXShellScriptBuildPhase;
			buildActionMask = 2147483647;
			files = (
			);
			inputFileListPaths = (
			);
			inputPaths = (
				"${PODS_PODFILE_DIR_PATH}/Podfile.lock",
				"${PODS_ROOT}/Manifest.lock",
			);
			name = "[CP] Check Pods Manifest.lock";
			outputFileListPaths = (
			);
			outputPaths = (
				"$(DERIVED_FILE_DIR)/Pods-BitfinexOrderBookUITests-checkManifestLockResult.txt",
			);
			runOnlyForDeploymentPostprocessing = 0;
			shellPath = /bin/sh;
			shellScript = "diff \"${PODS_PODFILE_DIR_PATH}/Podfile.lock\" \"${PODS_ROOT}/Manifest.lock\" > /dev/null\nif [ $? != 0 ] ; then\n    # print error to STDERR\n    echo \"error: The sandbox is not in sync with the Podfile.lock. Run 'pod install' or update your CocoaPods installation.\" >&2\n    exit 1\nfi\n# This output is used by Xcode 'outputs' to avoid re-running this script phase.\necho \"SUCCESS\" > \"${SCRIPT_OUTPUT_FILE_0}\"\n";
			showEnvVarsInLog = 0;
		};
/* End PBXShellScriptBuildPhase section */

/* Begin PBXSourcesBuildPhase section */
		7721E9C4251C7041002206A0 /* Sources */ = {
			isa = PBXSourcesBuildPhase;
			buildActionMask = 2147483647;
			files = (
				77847C38251DED7900F87EEC /* TickerModel.swift in Sources */,
				7721E9D0251C7042002206A0 /* OrderBookViewController.swift in Sources */,
				77847C1D251DE46C00F87EEC /* WebSocketHandler.swift in Sources */,
				77847BE1251D41C800F87EEC /* Bitfinex.pb.swift in Sources */,
				7721E9CC251C7041002206A0 /* AppDelegate.swift in Sources */,
				776ECEEE251F6A2F00E009C0 /* NumberFormats.swift in Sources */,
				775BF65D2521E2950089FD41 /* OrderBookWebService.swift in Sources */,
				776ECF0925209BA400E009C0 /* OrderBookViewModel.swift in Sources */,
				776ECF3D2520E5CB00E009C0 /* OrderBookTableViewCell.swift in Sources */,
				7721E9CE251C7042002206A0 /* SceneDelegate.swift in Sources */,
				776ECEF32520798B00E009C0 /* OrderBookModel.swift in Sources */,
				77847BD1251D3E7300F87EEC /* Bitfinex.proto in Sources */,
			);
			runOnlyForDeploymentPostprocessing = 0;
		};
		7721E9DA251C7044002206A0 /* Sources */ = {
			isa = PBXSourcesBuildPhase;
			buildActionMask = 2147483647;
			files = (
				7721E9E3251C7044002206A0 /* BitfinexOrderBookTests.swift in Sources */,
			);
			runOnlyForDeploymentPostprocessing = 0;
		};
		7721E9E5251C7044002206A0 /* Sources */ = {
			isa = PBXSourcesBuildPhase;
			buildActionMask = 2147483647;
			files = (
				7721E9EE251C7044002206A0 /* BitfinexOrderBookUITests.swift in Sources */,
			);
			runOnlyForDeploymentPostprocessing = 0;
		};
/* End PBXSourcesBuildPhase section */

/* Begin PBXTargetDependency section */
		7721E9E0251C7044002206A0 /* PBXTargetDependency */ = {
			isa = PBXTargetDependency;
			target = 7721E9C7251C7041002206A0 /* BitfinexOrderBook */;
			targetProxy = 7721E9DF251C7044002206A0 /* PBXContainerItemProxy */;
		};
		7721E9EB251C7044002206A0 /* PBXTargetDependency */ = {
			isa = PBXTargetDependency;
			target = 7721E9C7251C7041002206A0 /* BitfinexOrderBook */;
			targetProxy = 7721E9EA251C7044002206A0 /* PBXContainerItemProxy */;
		};
/* End PBXTargetDependency section */

/* Begin PBXVariantGroup section */
		7721E9D1251C7042002206A0 /* Main.storyboard */ = {
			isa = PBXVariantGroup;
			children = (
				7721E9D2251C7042002206A0 /* Base */,
			);
			name = Main.storyboard;
			sourceTree = "<group>";
		};
		7721E9D6251C7043002206A0 /* LaunchScreen.storyboard */ = {
			isa = PBXVariantGroup;
			children = (
				7721E9D7251C7043002206A0 /* Base */,
			);
			name = LaunchScreen.storyboard;
			sourceTree = "<group>";
		};
/* End PBXVariantGroup section */

/* Begin XCBuildConfiguration section */
		7721E9F0251C7044002206A0 /* Debug */ = {
			isa = XCBuildConfiguration;
			buildSettings = {
				ALWAYS_SEARCH_USER_PATHS = NO;
				CLANG_ANALYZER_NONNULL = YES;
				CLANG_ANALYZER_NUMBER_OBJECT_CONVERSION = YES_AGGRESSIVE;
				CLANG_CXX_LANGUAGE_STANDARD = "gnu++14";
				CLANG_CXX_LIBRARY = "libc++";
				CLANG_ENABLE_MODULES = YES;
				CLANG_ENABLE_OBJC_ARC = YES;
				CLANG_ENABLE_OBJC_WEAK = YES;
				CLANG_WARN_BLOCK_CAPTURE_AUTORELEASING = YES;
				CLANG_WARN_BOOL_CONVERSION = YES;
				CLANG_WARN_COMMA = YES;
				CLANG_WARN_CONSTANT_CONVERSION = YES;
				CLANG_WARN_DEPRECATED_OBJC_IMPLEMENTATIONS = YES;
				CLANG_WARN_DIRECT_OBJC_ISA_USAGE = YES_ERROR;
				CLANG_WARN_DOCUMENTATION_COMMENTS = YES;
				CLANG_WARN_EMPTY_BODY = YES;
				CLANG_WARN_ENUM_CONVERSION = YES;
				CLANG_WARN_INFINITE_RECURSION = YES;
				CLANG_WARN_INT_CONVERSION = YES;
				CLANG_WARN_NON_LITERAL_NULL_CONVERSION = YES;
				CLANG_WARN_OBJC_IMPLICIT_RETAIN_SELF = YES;
				CLANG_WARN_OBJC_LITERAL_CONVERSION = YES;
				CLANG_WARN_OBJC_ROOT_CLASS = YES_ERROR;
				CLANG_WARN_QUOTED_INCLUDE_IN_FRAMEWORK_HEADER = YES;
				CLANG_WARN_RANGE_LOOP_ANALYSIS = YES;
				CLANG_WARN_STRICT_PROTOTYPES = YES;
				CLANG_WARN_SUSPICIOUS_MOVE = YES;
				CLANG_WARN_UNGUARDED_AVAILABILITY = YES_AGGRESSIVE;
				CLANG_WARN_UNREACHABLE_CODE = YES;
				CLANG_WARN__DUPLICATE_METHOD_MATCH = YES;
				COPY_PHASE_STRIP = NO;
				DEBUG_INFORMATION_FORMAT = dwarf;
				ENABLE_STRICT_OBJC_MSGSEND = YES;
				ENABLE_TESTABILITY = YES;
				GCC_C_LANGUAGE_STANDARD = gnu11;
				GCC_DYNAMIC_NO_PIC = NO;
				GCC_NO_COMMON_BLOCKS = YES;
				GCC_OPTIMIZATION_LEVEL = 0;
				GCC_PREPROCESSOR_DEFINITIONS = (
					"DEBUG=1",
					"$(inherited)",
				);
				GCC_WARN_64_TO_32_BIT_CONVERSION = YES;
				GCC_WARN_ABOUT_RETURN_TYPE = YES_ERROR;
				GCC_WARN_UNDECLARED_SELECTOR = YES;
				GCC_WARN_UNINITIALIZED_AUTOS = YES_AGGRESSIVE;
				GCC_WARN_UNUSED_FUNCTION = YES;
				GCC_WARN_UNUSED_VARIABLE = YES;
				IPHONEOS_DEPLOYMENT_TARGET = 14.0;
				MTL_ENABLE_DEBUG_INFO = INCLUDE_SOURCE;
				MTL_FAST_MATH = YES;
				ONLY_ACTIVE_ARCH = YES;
				SDKROOT = iphoneos;
				SWIFT_ACTIVE_COMPILATION_CONDITIONS = DEBUG;
				SWIFT_OPTIMIZATION_LEVEL = "-Onone";
			};
			name = Debug;
		};
		7721E9F1251C7044002206A0 /* Release */ = {
			isa = XCBuildConfiguration;
			buildSettings = {
				ALWAYS_SEARCH_USER_PATHS = NO;
				CLANG_ANALYZER_NONNULL = YES;
				CLANG_ANALYZER_NUMBER_OBJECT_CONVERSION = YES_AGGRESSIVE;
				CLANG_CXX_LANGUAGE_STANDARD = "gnu++14";
				CLANG_CXX_LIBRARY = "libc++";
				CLANG_ENABLE_MODULES = YES;
				CLANG_ENABLE_OBJC_ARC = YES;
				CLANG_ENABLE_OBJC_WEAK = YES;
				CLANG_WARN_BLOCK_CAPTURE_AUTORELEASING = YES;
				CLANG_WARN_BOOL_CONVERSION = YES;
				CLANG_WARN_COMMA = YES;
				CLANG_WARN_CONSTANT_CONVERSION = YES;
				CLANG_WARN_DEPRECATED_OBJC_IMPLEMENTATIONS = YES;
				CLANG_WARN_DIRECT_OBJC_ISA_USAGE = YES_ERROR;
				CLANG_WARN_DOCUMENTATION_COMMENTS = YES;
				CLANG_WARN_EMPTY_BODY = YES;
				CLANG_WARN_ENUM_CONVERSION = YES;
				CLANG_WARN_INFINITE_RECURSION = YES;
				CLANG_WARN_INT_CONVERSION = YES;
				CLANG_WARN_NON_LITERAL_NULL_CONVERSION = YES;
				CLANG_WARN_OBJC_IMPLICIT_RETAIN_SELF = YES;
				CLANG_WARN_OBJC_LITERAL_CONVERSION = YES;
				CLANG_WARN_OBJC_ROOT_CLASS = YES_ERROR;
				CLANG_WARN_QUOTED_INCLUDE_IN_FRAMEWORK_HEADER = YES;
				CLANG_WARN_RANGE_LOOP_ANALYSIS = YES;
				CLANG_WARN_STRICT_PROTOTYPES = YES;
				CLANG_WARN_SUSPICIOUS_MOVE = YES;
				CLANG_WARN_UNGUARDED_AVAILABILITY = YES_AGGRESSIVE;
				CLANG_WARN_UNREACHABLE_CODE = YES;
				CLANG_WARN__DUPLICATE_METHOD_MATCH = YES;
				COPY_PHASE_STRIP = NO;
				DEBUG_INFORMATION_FORMAT = "dwarf-with-dsym";
				ENABLE_NS_ASSERTIONS = NO;
				ENABLE_STRICT_OBJC_MSGSEND = YES;
				GCC_C_LANGUAGE_STANDARD = gnu11;
				GCC_NO_COMMON_BLOCKS = YES;
				GCC_WARN_64_TO_32_BIT_CONVERSION = YES;
				GCC_WARN_ABOUT_RETURN_TYPE = YES_ERROR;
				GCC_WARN_UNDECLARED_SELECTOR = YES;
				GCC_WARN_UNINITIALIZED_AUTOS = YES_AGGRESSIVE;
				GCC_WARN_UNUSED_FUNCTION = YES;
				GCC_WARN_UNUSED_VARIABLE = YES;
				IPHONEOS_DEPLOYMENT_TARGET = 14.0;
				MTL_ENABLE_DEBUG_INFO = NO;
				MTL_FAST_MATH = YES;
				SDKROOT = iphoneos;
				SWIFT_COMPILATION_MODE = wholemodule;
				SWIFT_OPTIMIZATION_LEVEL = "-O";
				VALIDATE_PRODUCT = YES;
			};
			name = Release;
		};
		7721E9F3251C7044002206A0 /* Debug */ = {
			isa = XCBuildConfiguration;
			baseConfigurationReference = D35A46D0B8515B54E4622D4A /* Pods-BitfinexOrderBook.debug.xcconfig */;
			buildSettings = {
				ASSETCATALOG_COMPILER_APPICON_NAME = AppIcon;
				ASSETCATALOG_COMPILER_GLOBAL_ACCENT_COLOR_NAME = AccentColor;
				CODE_SIGN_STYLE = Automatic;
				DEVELOPMENT_TEAM = D58JEA7B89;
				INFOPLIST_FILE = BitfinexOrderBook/Info.plist;
				LD_RUNPATH_SEARCH_PATHS = (
					"$(inherited)",
					"@executable_path/Frameworks",
				);
				PRODUCT_BUNDLE_IDENTIFIER = fm.BitfinexOrderBook;
				PRODUCT_NAME = "$(TARGET_NAME)";
				SWIFT_VERSION = 5.0;
				TARGETED_DEVICE_FAMILY = "1,2";
			};
			name = Debug;
		};
		7721E9F4251C7044002206A0 /* Release */ = {
			isa = XCBuildConfiguration;
			baseConfigurationReference = 4F6E86AFC44E59EEF5105AEC /* Pods-BitfinexOrderBook.release.xcconfig */;
			buildSettings = {
				ASSETCATALOG_COMPILER_APPICON_NAME = AppIcon;
				ASSETCATALOG_COMPILER_GLOBAL_ACCENT_COLOR_NAME = AccentColor;
				CODE_SIGN_STYLE = Automatic;
				DEVELOPMENT_TEAM = D58JEA7B89;
				INFOPLIST_FILE = BitfinexOrderBook/Info.plist;
				LD_RUNPATH_SEARCH_PATHS = (
					"$(inherited)",
					"@executable_path/Frameworks",
				);
				PRODUCT_BUNDLE_IDENTIFIER = fm.BitfinexOrderBook;
				PRODUCT_NAME = "$(TARGET_NAME)";
				SWIFT_VERSION = 5.0;
				TARGETED_DEVICE_FAMILY = "1,2";
			};
			name = Release;
		};
		7721E9F6251C7044002206A0 /* Debug */ = {
			isa = XCBuildConfiguration;
			baseConfigurationReference = CE950A989223220C176F97BA /* Pods-BitfinexOrderBookTests.debug.xcconfig */;
			buildSettings = {
				ALWAYS_EMBED_SWIFT_STANDARD_LIBRARIES = YES;
				BUNDLE_LOADER = "$(TEST_HOST)";
				CODE_SIGN_STYLE = Automatic;
				DEVELOPMENT_TEAM = D58JEA7B89;
				INFOPLIST_FILE = BitfinexOrderBookTests/Info.plist;
				IPHONEOS_DEPLOYMENT_TARGET = 14.0;
				LD_RUNPATH_SEARCH_PATHS = (
					"$(inherited)",
					"@executable_path/Frameworks",
					"@loader_path/Frameworks",
				);
				PRODUCT_BUNDLE_IDENTIFIER = fm.BitfinexOrderBookTests;
				PRODUCT_NAME = "$(TARGET_NAME)";
				SWIFT_VERSION = 5.0;
				TARGETED_DEVICE_FAMILY = "1,2";
				TEST_HOST = "$(BUILT_PRODUCTS_DIR)/BitfinexOrderBook.app/BitfinexOrderBook";
			};
			name = Debug;
		};
		7721E9F7251C7044002206A0 /* Release */ = {
			isa = XCBuildConfiguration;
			baseConfigurationReference = 10D4861EF4A434D7662E445A /* Pods-BitfinexOrderBookTests.release.xcconfig */;
			buildSettings = {
				ALWAYS_EMBED_SWIFT_STANDARD_LIBRARIES = YES;
				BUNDLE_LOADER = "$(TEST_HOST)";
				CODE_SIGN_STYLE = Automatic;
				DEVELOPMENT_TEAM = D58JEA7B89;
				INFOPLIST_FILE = BitfinexOrderBookTests/Info.plist;
				IPHONEOS_DEPLOYMENT_TARGET = 14.0;
				LD_RUNPATH_SEARCH_PATHS = (
					"$(inherited)",
					"@executable_path/Frameworks",
					"@loader_path/Frameworks",
				);
				PRODUCT_BUNDLE_IDENTIFIER = fm.BitfinexOrderBookTests;
				PRODUCT_NAME = "$(TARGET_NAME)";
				SWIFT_VERSION = 5.0;
				TARGETED_DEVICE_FAMILY = "1,2";
				TEST_HOST = "$(BUILT_PRODUCTS_DIR)/BitfinexOrderBook.app/BitfinexOrderBook";
			};
			name = Release;
		};
		7721E9F9251C7044002206A0 /* Debug */ = {
			isa = XCBuildConfiguration;
			baseConfigurationReference = D2AA1B216BEFAAD88F9EC02F /* Pods-BitfinexOrderBookUITests.debug.xcconfig */;
			buildSettings = {
				ALWAYS_EMBED_SWIFT_STANDARD_LIBRARIES = YES;
				CODE_SIGN_STYLE = Automatic;
				DEVELOPMENT_TEAM = D58JEA7B89;
				INFOPLIST_FILE = BitfinexOrderBookUITests/Info.plist;
				LD_RUNPATH_SEARCH_PATHS = (
					"$(inherited)",
					"@executable_path/Frameworks",
					"@loader_path/Frameworks",
				);
				PRODUCT_BUNDLE_IDENTIFIER = fm.BitfinexOrderBookUITests;
				PRODUCT_NAME = "$(TARGET_NAME)";
				SWIFT_VERSION = 5.0;
				TARGETED_DEVICE_FAMILY = "1,2";
				TEST_TARGET_NAME = BitfinexOrderBook;
			};
			name = Debug;
		};
		7721E9FA251C7044002206A0 /* Release */ = {
			isa = XCBuildConfiguration;
			baseConfigurationReference = 4F85A53FB1389180FC492FCD /* Pods-BitfinexOrderBookUITests.release.xcconfig */;
			buildSettings = {
				ALWAYS_EMBED_SWIFT_STANDARD_LIBRARIES = YES;
				CODE_SIGN_STYLE = Automatic;
				DEVELOPMENT_TEAM = D58JEA7B89;
				INFOPLIST_FILE = BitfinexOrderBookUITests/Info.plist;
				LD_RUNPATH_SEARCH_PATHS = (
					"$(inherited)",
					"@executable_path/Frameworks",
					"@loader_path/Frameworks",
				);
				PRODUCT_BUNDLE_IDENTIFIER = fm.BitfinexOrderBookUITests;
				PRODUCT_NAME = "$(TARGET_NAME)";
				SWIFT_VERSION = 5.0;
				TARGETED_DEVICE_FAMILY = "1,2";
				TEST_TARGET_NAME = BitfinexOrderBook;
			};
			name = Release;
		};
/* End XCBuildConfiguration section */

/* Begin XCConfigurationList section */
		7721E9C3251C7041002206A0 /* Build configuration list for PBXProject "BitfinexOrderBook" */ = {
			isa = XCConfigurationList;
			buildConfigurations = (
				7721E9F0251C7044002206A0 /* Debug */,
				7721E9F1251C7044002206A0 /* Release */,
			);
			defaultConfigurationIsVisible = 0;
			defaultConfigurationName = Release;
		};
		7721E9F2251C7044002206A0 /* Build configuration list for PBXNativeTarget "BitfinexOrderBook" */ = {
			isa = XCConfigurationList;
			buildConfigurations = (
				7721E9F3251C7044002206A0 /* Debug */,
				7721E9F4251C7044002206A0 /* Release */,
			);
			defaultConfigurationIsVisible = 0;
			defaultConfigurationName = Release;
		};
		7721E9F5251C7044002206A0 /* Build configuration list for PBXNativeTarget "BitfinexOrderBookTests" */ = {
			isa = XCConfigurationList;
			buildConfigurations = (
				7721E9F6251C7044002206A0 /* Debug */,
				7721E9F7251C7044002206A0 /* Release */,
			);
			defaultConfigurationIsVisible = 0;
			defaultConfigurationName = Release;
		};
		7721E9F8251C7044002206A0 /* Build configuration list for PBXNativeTarget "BitfinexOrderBookUITests" */ = {
			isa = XCConfigurationList;
			buildConfigurations = (
				7721E9F9251C7044002206A0 /* Debug */,
				7721E9FA251C7044002206A0 /* Release */,
			);
			defaultConfigurationIsVisible = 0;
			defaultConfigurationName = Release;
		};
/* End XCConfigurationList section */
	};
	rootObject = 7721E9C0251C7041002206A0 /* Project object */;
}
